
Microsoft Visual Studio Solution File, Format Version 12.00
# Visual Studio 15
VisualStudioVersion = 15.0.27004.2010
MinimumVisualStudioVersion = 10.0.40219.1
Project("{FAE04EC0-301F-11D3-BF4B-00C04F79EFBC}") = "MQTTserver", "MQTTserver\MQTTserver.csproj", "{379A8C37-2372-4DD6-BCF4-3B2430CF3704}"
EndProject
Project("{9A19103F-16F7-4668-BE54-9A1E7A4F7556}") = "Tests", "Tests\Tests.csproj", "{C0DE09BB-E249-4B63-B216-381A695F3F1C}"
EndProject
Global
	GlobalSection(SolutionConfigurationPlatforms) = preSolution
		Debug|Any CPU = Debug|Any CPU
		Release|Any CPU = Release|Any CPU
	EndGlobalSection
	GlobalSection(ProjectConfigurationPlatforms) = postSolution
		{379A8C37-2372-4DD6-BCF4-3B2430CF3704}.Debug|Any CPU.ActiveCfg = Debug|Any CPU
		{379A8C37-2372-4DD6-BCF4-3B2430CF3704}.Debug|Any CPU.Build.0 = Debug|Any CPU
		{379A8C37-2372-4DD6-BCF4-3B2430CF3704}.Release|Any CPU.ActiveCfg = Release|Any CPU
		{379A8C37-2372-4DD6-BCF4-3B2430CF3704}.Release|Any CPU.Build.0 = Release|Any CPU
		{C0DE09BB-E249-4B63-B216-381A695F3F1C}.Debug|Any CPU.ActiveCfg = Debug|Any CPU
		{C0DE09BB-E249-4B63-B216-381A695F3F1C}.Debug|Any CPU.Build.0 = Debug|Any CPU
		{C0DE09BB-E249-4B63-B216-381A695F3F1C}.Release|Any CPU.ActiveCfg = Release|Any CPU
		{C0DE09BB-E249-4B63-B216-381A695F3F1C}.Release|Any CPU.Build.0 = Release|Any CPU
	EndGlobalSection
	GlobalSection(SolutionProperties) = preSolution
		HideSolutionNode = FALSE
	EndGlobalSection
	GlobalSection(ExtensibilityGlobals) = postSolution
		SolutionGuid = {F9AE27A8-99EA-4CB1-9BED-027C93632517}
	EndGlobalSection
EndGlobal
